{
  "name": "lambda",
  "version": "1.0.0",
  "lockfileVersion": 3,
  "requires": true,
  "packages": {
    "": {
      "name": "lambda",
      "version": "1.0.0",
      "license": "ISC",
      "dependencies": {
        "@aws-sdk/client-dynamodb": "^3.564.0",
        "@aws-sdk/client-ec2": "^3.564.0",
        "@aws-sdk/lib-dynamodb": "^3.564.0",
        "nanoid": "^5.0.7",
        "simple-ssh": "^1.1.1"
      }
    },
    "node_modules/@aws-crypto/ie11-detection": {
      "version": "3.0.0",
      "license": "Apache-2.0",
      "dependencies": {
        "tslib": "^1.11.1"
      }
    },
    "node_modules/@aws-crypto/ie11-detection/node_modules/tslib": {
      "version": "1.14.1",
      "license": "0BSD"
    },
    "node_modules/@aws-crypto/sha256-browser": {
      "version": "3.0.0",
      "license": "Apache-2.0",
      "dependencies": {
        "@aws-crypto/ie11-detection": "^3.0.0",
        "@aws-crypto/sha256-js": "^3.0.0",
        "@aws-crypto/supports-web-crypto": "^3.0.0",
        "@aws-crypto/util": "^3.0.0",
        "@aws-sdk/types": "^3.222.0",
        "@aws-sdk/util-locate-window": "^3.0.0",
        "@aws-sdk/util-utf8-browser": "^3.0.0",
        "tslib": "^1.11.1"
      }
    },
    "node_modules/@aws-crypto/sha256-browser/node_modules/tslib": {
      "version": "1.14.1",
      "license": "0BSD"
    },
    "node_modules/@aws-crypto/sha256-js": {
      "version": "3.0.0",
      "license": "Apache-2.0",
      "dependencies": {
        "@aws-crypto/util": "^3.0.0",
        "@aws-sdk/types": "^3.222.0",
        "tslib": "^1.11.1"
      }
    },
    "node_modules/@aws-crypto/sha256-js/node_modules/tslib": {
      "version": "1.14.1",
      "license": "0BSD"
    },
    "node_modules/@aws-crypto/supports-web-crypto": {
      "version": "3.0.0",
      "license": "Apache-2.0",
      "dependencies": {
        "tslib": "^1.11.1"
      }
    },
    "node_modules/@aws-crypto/supports-web-crypto/node_modules/tslib": {
      "version": "1.14.1",
      "license": "0BSD"
    },
    "node_modules/@aws-crypto/util": {
      "version": "3.0.0",
      "license": "Apache-2.0",
      "dependencies": {
        "@aws-sdk/types": "^3.222.0",
        "@aws-sdk/util-utf8-browser": "^3.0.0",
        "tslib": "^1.11.1"
      }
    },
    "node_modules/@aws-crypto/util/node_modules/tslib": {
      "version": "1.14.1",
      "license": "0BSD"
    },
    "node_modules/@aws-sdk/client-dynamodb": {
      "version": "3.564.0",
      "license": "Apache-2.0",
      "dependencies": {
        "@aws-crypto/sha256-browser": "3.0.0",
        "@aws-crypto/sha256-js": "3.0.0",
        "@aws-sdk/core": "3.556.0",
        "@aws-sdk/credential-provider-node": "3.564.0",
        "@aws-sdk/middleware-endpoint-discovery": "3.535.0",
        "@aws-sdk/middleware-host-header": "3.535.0",
        "@aws-sdk/middleware-logger": "3.535.0",
        "@aws-sdk/middleware-recursion-detection": "3.535.0",
        "@aws-sdk/middleware-user-agent": "3.540.0",
        "@aws-sdk/region-config-resolver": "3.535.0",
        "@aws-sdk/types": "3.535.0",
        "@aws-sdk/util-endpoints": "3.540.0",
        "@aws-sdk/util-user-agent-browser": "3.535.0",
        "@aws-sdk/util-user-agent-node": "3.535.0",
        "@smithy/config-resolver": "^2.2.0",
        "@smithy/core": "^1.4.2",
        "@smithy/fetch-http-handler": "^2.5.0",
        "@smithy/hash-node": "^2.2.0",
        "@smithy/invalid-dependency": "^2.2.0",
        "@smithy/middleware-content-length": "^2.2.0",
        "@smithy/middleware-endpoint": "^2.5.1",
        "@smithy/middleware-retry": "^2.3.1",
        "@smithy/middleware-serde": "^2.3.0",
        "@smithy/middleware-stack": "^2.2.0",
        "@smithy/node-config-provider": "^2.3.0",
        "@smithy/node-http-handler": "^2.5.0",
        "@smithy/protocol-http": "^3.3.0",
        "@smithy/smithy-client": "^2.5.1",
        "@smithy/types": "^2.12.0",
        "@smithy/url-parser": "^2.2.0",
        "@smithy/util-base64": "^2.3.0",
        "@smithy/util-body-length-browser": "^2.2.0",
        "@smithy/util-body-length-node": "^2.3.0",
        "@smithy/util-defaults-mode-browser": "^2.2.1",
        "@smithy/util-defaults-mode-node": "^2.3.1",
        "@smithy/util-endpoints": "^1.2.0",
        "@smithy/util-middleware": "^2.2.0",
        "@smithy/util-retry": "^2.2.0",
        "@smithy/util-utf8": "^2.3.0",
        "@smithy/util-waiter": "^2.2.0",
        "tslib": "^2.6.2",
        "uuid": "^9.0.1"
      },
      "engines": {
        "node": ">=14.0.0"
      }
    },
    "node_modules/@aws-sdk/client-ec2": {
      "version": "3.564.0",
      "license": "Apache-2.0",
      "dependencies": {
        "@aws-crypto/sha256-browser": "3.0.0",
        "@aws-crypto/sha256-js": "3.0.0",
        "@aws-sdk/core": "3.556.0",
        "@aws-sdk/credential-provider-node": "3.564.0",
        "@aws-sdk/middleware-host-header": "3.535.0",
        "@aws-sdk/middleware-logger": "3.535.0",
        "@aws-sdk/middleware-recursion-detection": "3.535.0",
        "@aws-sdk/middleware-sdk-ec2": "3.556.0",
        "@aws-sdk/middleware-user-agent": "3.540.0",
        "@aws-sdk/region-config-resolver": "3.535.0",
        "@aws-sdk/types": "3.535.0",
        "@aws-sdk/util-endpoints": "3.540.0",
        "@aws-sdk/util-user-agent-browser": "3.535.0",
        "@aws-sdk/util-user-agent-node": "3.535.0",
        "@smithy/config-resolver": "^2.2.0",
        "@smithy/core": "^1.4.2",
        "@smithy/fetch-http-handler": "^2.5.0",
        "@smithy/hash-node": "^2.2.0",
        "@smithy/invalid-dependency": "^2.2.0",
        "@smithy/middleware-content-length": "^2.2.0",
        "@smithy/middleware-endpoint": "^2.5.1",
        "@smithy/middleware-retry": "^2.3.1",
        "@smithy/middleware-serde": "^2.3.0",
        "@smithy/middleware-stack": "^2.2.0",
        "@smithy/node-config-provider": "^2.3.0",
        "@smithy/node-http-handler": "^2.5.0",
        "@smithy/protocol-http": "^3.3.0",
        "@smithy/smithy-client": "^2.5.1",
        "@smithy/types": "^2.12.0",
        "@smithy/url-parser": "^2.2.0",
        "@smithy/util-base64": "^2.3.0",
        "@smithy/util-body-length-browser": "^2.2.0",
        "@smithy/util-body-length-node": "^2.3.0",
        "@smithy/util-defaults-mode-browser": "^2.2.1",
        "@smithy/util-defaults-mode-node": "^2.3.1",
        "@smithy/util-endpoints": "^1.2.0",
        "@smithy/util-middleware": "^2.2.0",
        "@smithy/util-retry": "^2.2.0",
        "@smithy/util-utf8": "^2.3.0",
        "@smithy/util-waiter": "^2.2.0",
        "tslib": "^2.6.2",
        "uuid": "^9.0.1"
      },
      "engines": {
        "node": ">=14.0.0"
      }
    },
    "node_modules/@aws-sdk/client-sso": {
      "version": "3.556.0",
      "license": "Apache-2.0",
      "dependencies": {
        "@aws-crypto/sha256-browser": "3.0.0",
        "@aws-crypto/sha256-js": "3.0.0",
        "@aws-sdk/core": "3.556.0",
        "@aws-sdk/middleware-host-header": "3.535.0",
        "@aws-sdk/middleware-logger": "3.535.0",
        "@aws-sdk/middleware-recursion-detection": "3.535.0",
        "@aws-sdk/middleware-user-agent": "3.540.0",
        "@aws-sdk/region-config-resolver": "3.535.0",
        "@aws-sdk/types": "3.535.0",
        "@aws-sdk/util-endpoints": "3.540.0",
        "@aws-sdk/util-user-agent-browser": "3.535.0",
        "@aws-sdk/util-user-agent-node": "3.535.0",
        "@smithy/config-resolver": "^2.2.0",
        "@smithy/core": "^1.4.2",
        "@smithy/fetch-http-handler": "^2.5.0",
        "@smithy/hash-node": "^2.2.0",
        "@smithy/invalid-dependency": "^2.2.0",
        "@smithy/middleware-content-length": "^2.2.0",
        "@smithy/middleware-endpoint": "^2.5.1",
        "@smithy/middleware-retry": "^2.3.1",
        "@smithy/middleware-serde": "^2.3.0",
        "@smithy/middleware-stack": "^2.2.0",
        "@smithy/node-config-provider": "^2.3.0",
        "@smithy/node-http-handler": "^2.5.0",
        "@smithy/protocol-http": "^3.3.0",
        "@smithy/smithy-client": "^2.5.1",
        "@smithy/types": "^2.12.0",
        "@smithy/url-parser": "^2.2.0",
        "@smithy/util-base64": "^2.3.0",
        "@smithy/util-body-length-browser": "^2.2.0",
        "@smithy/util-body-length-node": "^2.3.0",
        "@smithy/util-defaults-mode-browser": "^2.2.1",
        "@smithy/util-defaults-mode-node": "^2.3.1",
        "@smithy/util-endpoints": "^1.2.0",
        "@smithy/util-middleware": "^2.2.0",
        "@smithy/util-retry": "^2.2.0",
        "@smithy/util-utf8": "^2.3.0",
        "tslib": "^2.6.2"
      },
      "engines": {
        "node": ">=14.0.0"
      }
    },
    "node_modules/@aws-sdk/client-sso-oidc": {
      "version": "3.564.0",
      "license": "Apache-2.0",
      "dependencies": {
        "@aws-crypto/sha256-browser": "3.0.0",
        "@aws-crypto/sha256-js": "3.0.0",
        "@aws-sdk/core": "3.556.0",
        "@aws-sdk/middleware-host-header": "3.535.0",
        "@aws-sdk/middleware-logger": "3.535.0",
        "@aws-sdk/middleware-recursion-detection": "3.535.0",
        "@aws-sdk/middleware-user-agent": "3.540.0",
        "@aws-sdk/region-config-resolver": "3.535.0",
        "@aws-sdk/types": "3.535.0",
        "@aws-sdk/util-endpoints": "3.540.0",
        "@aws-sdk/util-user-agent-browser": "3.535.0",
        "@aws-sdk/util-user-agent-node": "3.535.0",
        "@smithy/config-resolver": "^2.2.0",
        "@smithy/core": "^1.4.2",
        "@smithy/fetch-http-handler": "^2.5.0",
        "@smithy/hash-node": "^2.2.0",
        "@smithy/invalid-dependency": "^2.2.0",
        "@smithy/middleware-content-length": "^2.2.0",
        "@smithy/middleware-endpoint": "^2.5.1",
        "@smithy/middleware-retry": "^2.3.1",
        "@smithy/middleware-serde": "^2.3.0",
        "@smithy/middleware-stack": "^2.2.0",
        "@smithy/node-config-provider": "^2.3.0",
        "@smithy/node-http-handler": "^2.5.0",
        "@smithy/protocol-http": "^3.3.0",
        "@smithy/smithy-client": "^2.5.1",
        "@smithy/types": "^2.12.0",
        "@smithy/url-parser": "^2.2.0",
        "@smithy/util-base64": "^2.3.0",
        "@smithy/util-body-length-browser": "^2.2.0",
        "@smithy/util-body-length-node": "^2.3.0",
        "@smithy/util-defaults-mode-browser": "^2.2.1",
        "@smithy/util-defaults-mode-node": "^2.3.1",
        "@smithy/util-endpoints": "^1.2.0",
        "@smithy/util-middleware": "^2.2.0",
        "@smithy/util-retry": "^2.2.0",
        "@smithy/util-utf8": "^2.3.0",
        "tslib": "^2.6.2"
      },
      "engines": {
        "node": ">=14.0.0"
      },
      "peerDependencies": {
        "@aws-sdk/credential-provider-node": "^3.564.0"
      }
    },
    "node_modules/@aws-sdk/client-sts": {
      "version": "3.556.0",
      "license": "Apache-2.0",
      "dependencies": {
        "@aws-crypto/sha256-browser": "3.0.0",
        "@aws-crypto/sha256-js": "3.0.0",
        "@aws-sdk/core": "3.556.0",
        "@aws-sdk/middleware-host-header": "3.535.0",
        "@aws-sdk/middleware-logger": "3.535.0",
        "@aws-sdk/middleware-recursion-detection": "3.535.0",
        "@aws-sdk/middleware-user-agent": "3.540.0",
        "@aws-sdk/region-config-resolver": "3.535.0",
        "@aws-sdk/types": "3.535.0",
        "@aws-sdk/util-endpoints": "3.540.0",
        "@aws-sdk/util-user-agent-browser": "3.535.0",
        "@aws-sdk/util-user-agent-node": "3.535.0",
        "@smithy/config-resolver": "^2.2.0",
        "@smithy/core": "^1.4.2",
        "@smithy/fetch-http-handler": "^2.5.0",
        "@smithy/hash-node": "^2.2.0",
        "@smithy/invalid-dependency": "^2.2.0",
        "@smithy/middleware-content-length": "^2.2.0",
        "@smithy/middleware-endpoint": "^2.5.1",
        "@smithy/middleware-retry": "^2.3.1",
        "@smithy/middleware-serde": "^2.3.0",
        "@smithy/middleware-stack": "^2.2.0",
        "@smithy/node-config-provider": "^2.3.0",
        "@smithy/node-http-handler": "^2.5.0",
        "@smithy/protocol-http": "^3.3.0",
        "@smithy/smithy-client": "^2.5.1",
        "@smithy/types": "^2.12.0",
        "@smithy/url-parser": "^2.2.0",
        "@smithy/util-base64": "^2.3.0",
        "@smithy/util-body-length-browser": "^2.2.0",
        "@smithy/util-body-length-node": "^2.3.0",
        "@smithy/util-defaults-mode-browser": "^2.2.1",
        "@smithy/util-defaults-mode-node": "^2.3.1",
        "@smithy/util-endpoints": "^1.2.0",
        "@smithy/util-middleware": "^2.2.0",
        "@smithy/util-retry": "^2.2.0",
        "@smithy/util-utf8": "^2.3.0",
        "tslib": "^2.6.2"
      },
      "engines": {
        "node": ">=14.0.0"
      },
      "peerDependencies": {
        "@aws-sdk/credential-provider-node": "^3.556.0"
      }
    },
    "node_modules/@aws-sdk/core": {
      "version": "3.556.0",
      "license": "Apache-2.0",
      "dependencies": {
        "@smithy/core": "^1.4.2",
        "@smithy/protocol-http": "^3.3.0",
        "@smithy/signature-v4": "^2.3.0",
        "@smithy/smithy-client": "^2.5.1",
        "@smithy/types": "^2.12.0",
        "fast-xml-parser": "4.2.5",
        "tslib": "^2.6.2"
      },
      "engines": {
        "node": ">=14.0.0"
      }
    },
    "node_modules/@aws-sdk/credential-provider-env": {
      "version": "3.535.0",
      "license": "Apache-2.0",
      "dependencies": {
        "@aws-sdk/types": "3.535.0",
        "@smithy/property-provider": "^2.2.0",
        "@smithy/types": "^2.12.0",
        "tslib": "^2.6.2"
      },
      "engines": {
        "node": ">=14.0.0"
      }
    },
    "node_modules/@aws-sdk/credential-provider-http": {
      "version": "3.552.0",
      "license": "Apache-2.0",
      "dependencies": {
        "@aws-sdk/types": "3.535.0",
        "@smithy/fetch-http-handler": "^2.5.0",
        "@smithy/node-http-handler": "^2.5.0",
        "@smithy/property-provider": "^2.2.0",
        "@smithy/protocol-http": "^3.3.0",
        "@smithy/smithy-client": "^2.5.1",
        "@smithy/types": "^2.12.0",
        "@smithy/util-stream": "^2.2.0",
        "tslib": "^2.6.2"
      },
      "engines": {
        "node": ">=14.0.0"
      }
    },
    "node_modules/@aws-sdk/credential-provider-ini": {
      "version": "3.564.0",
      "license": "Apache-2.0",
      "dependencies": {
        "@aws-sdk/client-sts": "3.556.0",
        "@aws-sdk/credential-provider-env": "3.535.0",
        "@aws-sdk/credential-provider-process": "3.535.0",
        "@aws-sdk/credential-provider-sso": "3.564.0",
        "@aws-sdk/credential-provider-web-identity": "3.556.0",
        "@aws-sdk/types": "3.535.0",
        "@smithy/credential-provider-imds": "^2.3.0",
        "@smithy/property-provider": "^2.2.0",
        "@smithy/shared-ini-file-loader": "^2.4.0",
        "@smithy/types": "^2.12.0",
        "tslib": "^2.6.2"
      },
      "engines": {
        "node": ">=14.0.0"
      }
    },
    "node_modules/@aws-sdk/credential-provider-node": {
      "version": "3.564.0",
      "license": "Apache-2.0",
      "dependencies": {
        "@aws-sdk/credential-provider-env": "3.535.0",
        "@aws-sdk/credential-provider-http": "3.552.0",
        "@aws-sdk/credential-provider-ini": "3.564.0",
        "@aws-sdk/credential-provider-process": "3.535.0",
        "@aws-sdk/credential-provider-sso": "3.564.0",
        "@aws-sdk/credential-provider-web-identity": "3.556.0",
        "@aws-sdk/types": "3.535.0",
        "@smithy/credential-provider-imds": "^2.3.0",
        "@smithy/property-provider": "^2.2.0",
        "@smithy/shared-ini-file-loader": "^2.4.0",
        "@smithy/types": "^2.12.0",
        "tslib": "^2.6.2"
      },
      "engines": {
        "node": ">=14.0.0"
      }
    },
    "node_modules/@aws-sdk/credential-provider-process": {
      "version": "3.535.0",
      "license": "Apache-2.0",
      "dependencies": {
        "@aws-sdk/types": "3.535.0",
        "@smithy/property-provider": "^2.2.0",
        "@smithy/shared-ini-file-loader": "^2.4.0",
        "@smithy/types": "^2.12.0",
        "tslib": "^2.6.2"
      },
      "engines": {
        "node": ">=14.0.0"
      }
    },
    "node_modules/@aws-sdk/credential-provider-sso": {
      "version": "3.564.0",
      "license": "Apache-2.0",
      "dependencies": {
        "@aws-sdk/client-sso": "3.556.0",
        "@aws-sdk/token-providers": "3.564.0",
        "@aws-sdk/types": "3.535.0",
        "@smithy/property-provider": "^2.2.0",
        "@smithy/shared-ini-file-loader": "^2.4.0",
        "@smithy/types": "^2.12.0",
        "tslib": "^2.6.2"
      },
      "engines": {
        "node": ">=14.0.0"
      }
    },
    "node_modules/@aws-sdk/credential-provider-web-identity": {
      "version": "3.556.0",
      "license": "Apache-2.0",
      "dependencies": {
        "@aws-sdk/client-sts": "3.556.0",
        "@aws-sdk/types": "3.535.0",
        "@smithy/property-provider": "^2.2.0",
        "@smithy/types": "^2.12.0",
        "tslib": "^2.6.2"
      },
      "engines": {
        "node": ">=14.0.0"
      }
    },
    "node_modules/@aws-sdk/endpoint-cache": {
      "version": "3.535.0",
      "license": "Apache-2.0",
      "dependencies": {
        "mnemonist": "0.38.3",
        "tslib": "^2.6.2"
      },
      "engines": {
        "node": ">=14.0.0"
      }
    },
    "node_modules/@aws-sdk/lib-dynamodb": {
      "version": "3.564.0",
      "license": "Apache-2.0",
      "dependencies": {
        "@aws-sdk/util-dynamodb": "3.564.0",
        "@smithy/smithy-client": "^2.5.1",
        "@smithy/types": "^2.12.0",
        "tslib": "^2.6.2"
      },
      "engines": {
        "node": ">=14.0.0"
      },
      "peerDependencies": {
        "@aws-sdk/client-dynamodb": "^3.0.0"
      }
    },
    "node_modules/@aws-sdk/middleware-endpoint-discovery": {
      "version": "3.535.0",
      "license": "Apache-2.0",
      "dependencies": {
        "@aws-sdk/endpoint-cache": "3.535.0",
        "@aws-sdk/types": "3.535.0",
        "@smithy/node-config-provider": "^2.3.0",
        "@smithy/protocol-http": "^3.3.0",
        "@smithy/types": "^2.12.0",
        "tslib": "^2.6.2"
      },
      "engines": {
        "node": ">=14.0.0"
      }
    },
    "node_modules/@aws-sdk/middleware-host-header": {
      "version": "3.535.0",
      "license": "Apache-2.0",
      "dependencies": {
        "@aws-sdk/types": "3.535.0",
        "@smithy/protocol-http": "^3.3.0",
        "@smithy/types": "^2.12.0",
        "tslib": "^2.6.2"
      },
      "engines": {
        "node": ">=14.0.0"
      }
    },
    "node_modules/@aws-sdk/middleware-logger": {
      "version": "3.535.0",
      "license": "Apache-2.0",
      "dependencies": {
        "@aws-sdk/types": "3.535.0",
        "@smithy/types": "^2.12.0",
        "tslib": "^2.6.2"
      },
      "engines": {
        "node": ">=14.0.0"
      }
    },
    "node_modules/@aws-sdk/middleware-recursion-detection": {
      "version": "3.535.0",
      "license": "Apache-2.0",
      "dependencies": {
        "@aws-sdk/types": "3.535.0",
        "@smithy/protocol-http": "^3.3.0",
        "@smithy/types": "^2.12.0",
        "tslib": "^2.6.2"
      },
      "engines": {
        "node": ">=14.0.0"
      }
    },
    "node_modules/@aws-sdk/middleware-sdk-ec2": {
      "version": "3.556.0",
      "license": "Apache-2.0",
      "dependencies": {
        "@aws-sdk/types": "3.535.0",
        "@aws-sdk/util-format-url": "3.535.0",
        "@smithy/middleware-endpoint": "^2.5.1",
        "@smithy/protocol-http": "^3.3.0",
        "@smithy/signature-v4": "^2.3.0",
        "@smithy/smithy-client": "^2.5.1",
        "@smithy/types": "^2.12.0",
        "tslib": "^2.6.2"
      },
      "engines": {
        "node": ">=14.0.0"
      }
    },
    "node_modules/@aws-sdk/middleware-user-agent": {
      "version": "3.540.0",
      "license": "Apache-2.0",
      "dependencies": {
        "@aws-sdk/types": "3.535.0",
        "@aws-sdk/util-endpoints": "3.540.0",
        "@smithy/protocol-http": "^3.3.0",
        "@smithy/types": "^2.12.0",
        "tslib": "^2.6.2"
      },
      "engines": {
        "node": ">=14.0.0"
      }
    },
    "node_modules/@aws-sdk/region-config-resolver": {
      "version": "3.535.0",
      "license": "Apache-2.0",
      "dependencies": {
        "@aws-sdk/types": "3.535.0",
        "@smithy/node-config-provider": "^2.3.0",
        "@smithy/types": "^2.12.0",
        "@smithy/util-config-provider": "^2.3.0",
        "@smithy/util-middleware": "^2.2.0",
        "tslib": "^2.6.2"
      },
      "engines": {
        "node": ">=14.0.0"
      }
    },
    "node_modules/@aws-sdk/token-providers": {
      "version": "3.564.0",
      "license": "Apache-2.0",
      "dependencies": {
        "@aws-sdk/client-sso-oidc": "3.564.0",
        "@aws-sdk/types": "3.535.0",
        "@smithy/property-provider": "^2.2.0",
        "@smithy/shared-ini-file-loader": "^2.4.0",
        "@smithy/types": "^2.12.0",
        "tslib": "^2.6.2"
      },
      "engines": {
        "node": ">=14.0.0"
      }
    },
    "node_modules/@aws-sdk/types": {
      "version": "3.535.0",
      "license": "Apache-2.0",
      "dependencies": {
        "@smithy/types": "^2.12.0",
        "tslib": "^2.6.2"
      },
      "engines": {
        "node": ">=14.0.0"
      }
    },
    "node_modules/@aws-sdk/util-dynamodb": {
      "version": "3.564.0",
      "license": "Apache-2.0",
      "dependencies": {
        "tslib": "^2.6.2"
      },
      "engines": {
        "node": ">=14.0.0"
      },
      "peerDependencies": {
        "@aws-sdk/client-dynamodb": "^3.0.0"
      }
    },
    "node_modules/@aws-sdk/util-endpoints": {
      "version": "3.540.0",
      "license": "Apache-2.0",
      "dependencies": {
        "@aws-sdk/types": "3.535.0",
        "@smithy/types": "^2.12.0",
        "@smithy/util-endpoints": "^1.2.0",
        "tslib": "^2.6.2"
      },
      "engines": {
        "node": ">=14.0.0"
      }
    },
    "node_modules/@aws-sdk/util-format-url": {
      "version": "3.535.0",
      "license": "Apache-2.0",
      "dependencies": {
        "@aws-sdk/types": "3.535.0",
        "@smithy/querystring-builder": "^2.2.0",
        "@smithy/types": "^2.12.0",
        "tslib": "^2.6.2"
      },
      "engines": {
        "node": ">=14.0.0"
      }
    },
    "node_modules/@aws-sdk/util-locate-window": {
      "version": "3.535.0",
      "license": "Apache-2.0",
      "dependencies": {
        "tslib": "^2.6.2"
      },
      "engines": {
        "node": ">=14.0.0"
      }
    },
    "node_modules/@aws-sdk/util-user-agent-browser": {
      "version": "3.535.0",
      "license": "Apache-2.0",
      "dependencies": {
        "@aws-sdk/types": "3.535.0",
        "@smithy/types": "^2.12.0",
        "bowser": "^2.11.0",
        "tslib": "^2.6.2"
      }
    },
    "node_modules/@aws-sdk/util-user-agent-node": {
      "version": "3.535.0",
      "license": "Apache-2.0",
      "dependencies": {
        "@aws-sdk/types": "3.535.0",
        "@smithy/node-config-provider": "^2.3.0",
        "@smithy/types": "^2.12.0",
        "tslib": "^2.6.2"
      },
      "engines": {
        "node": ">=14.0.0"
      },
      "peerDependencies": {
        "aws-crt": ">=1.0.0"
      },
      "peerDependenciesMeta": {
        "aws-crt": {
          "optional": true
        }
      }
    },
    "node_modules/@aws-sdk/util-utf8-browser": {
      "version": "3.259.0",
      "license": "Apache-2.0",
      "dependencies": {
        "tslib": "^2.3.1"
      }
    },
    "node_modules/@smithy/abort-controller": {
      "version": "2.2.0",
      "license": "Apache-2.0",
      "dependencies": {
        "@smithy/types": "^2.12.0",
        "tslib": "^2.6.2"
      },
      "engines": {
        "node": ">=14.0.0"
      }
    },
    "node_modules/@smithy/config-resolver": {
      "version": "2.2.0",
      "license": "Apache-2.0",
      "dependencies": {
        "@smithy/node-config-provider": "^2.3.0",
        "@smithy/types": "^2.12.0",
        "@smithy/util-config-provider": "^2.3.0",
        "@smithy/util-middleware": "^2.2.0",
        "tslib": "^2.6.2"
      },
      "engines": {
        "node": ">=14.0.0"
      }
    },
    "node_modules/@smithy/core": {
      "version": "1.4.2",
      "license": "Apache-2.0",
      "dependencies": {
        "@smithy/middleware-endpoint": "^2.5.1",
        "@smithy/middleware-retry": "^2.3.1",
        "@smithy/middleware-serde": "^2.3.0",
        "@smithy/protocol-http": "^3.3.0",
        "@smithy/smithy-client": "^2.5.1",
        "@smithy/types": "^2.12.0",
        "@smithy/util-middleware": "^2.2.0",
        "tslib": "^2.6.2"
      },
      "engines": {
        "node": ">=14.0.0"
      }
    },
    "node_modules/@smithy/credential-provider-imds": {
      "version": "2.3.0",
      "license": "Apache-2.0",
      "dependencies": {
        "@smithy/node-config-provider": "^2.3.0",
        "@smithy/property-provider": "^2.2.0",
        "@smithy/types": "^2.12.0",
        "@smithy/url-parser": "^2.2.0",
        "tslib": "^2.6.2"
      },
      "engines": {
        "node": ">=14.0.0"
      }
    },
    "node_modules/@smithy/fetch-http-handler": {
      "version": "2.5.0",
      "license": "Apache-2.0",
      "dependencies": {
        "@smithy/protocol-http": "^3.3.0",
        "@smithy/querystring-builder": "^2.2.0",
        "@smithy/types": "^2.12.0",
        "@smithy/util-base64": "^2.3.0",
        "tslib": "^2.6.2"
      }
    },
    "node_modules/@smithy/hash-node": {
      "version": "2.2.0",
      "license": "Apache-2.0",
      "dependencies": {
        "@smithy/types": "^2.12.0",
        "@smithy/util-buffer-from": "^2.2.0",
        "@smithy/util-utf8": "^2.3.0",
        "tslib": "^2.6.2"
      },
      "engines": {
        "node": ">=14.0.0"
      }
    },
    "node_modules/@smithy/invalid-dependency": {
      "version": "2.2.0",
      "license": "Apache-2.0",
      "dependencies": {
        "@smithy/types": "^2.12.0",
        "tslib": "^2.6.2"
      }
    },
    "node_modules/@smithy/is-array-buffer": {
      "version": "2.2.0",
      "license": "Apache-2.0",
      "dependencies": {
        "tslib": "^2.6.2"
      },
      "engines": {
        "node": ">=14.0.0"
      }
    },
    "node_modules/@smithy/middleware-content-length": {
      "version": "2.2.0",
      "license": "Apache-2.0",
      "dependencies": {
        "@smithy/protocol-http": "^3.3.0",
        "@smithy/types": "^2.12.0",
        "tslib": "^2.6.2"
      },
      "engines": {
        "node": ">=14.0.0"
      }
    },
    "node_modules/@smithy/middleware-endpoint": {
      "version": "2.5.1",
      "license": "Apache-2.0",
      "dependencies": {
        "@smithy/middleware-serde": "^2.3.0",
        "@smithy/node-config-provider": "^2.3.0",
        "@smithy/shared-ini-file-loader": "^2.4.0",
        "@smithy/types": "^2.12.0",
        "@smithy/url-parser": "^2.2.0",
        "@smithy/util-middleware": "^2.2.0",
        "tslib": "^2.6.2"
      },
      "engines": {
        "node": ">=14.0.0"
      }
    },
    "node_modules/@smithy/middleware-retry": {
      "version": "2.3.1",
      "license": "Apache-2.0",
      "dependencies": {
        "@smithy/node-config-provider": "^2.3.0",
        "@smithy/protocol-http": "^3.3.0",
        "@smithy/service-error-classification": "^2.1.5",
        "@smithy/smithy-client": "^2.5.1",
        "@smithy/types": "^2.12.0",
        "@smithy/util-middleware": "^2.2.0",
        "@smithy/util-retry": "^2.2.0",
        "tslib": "^2.6.2",
        "uuid": "^9.0.1"
      },
      "engines": {
        "node": ">=14.0.0"
      }
    },
    "node_modules/@smithy/middleware-serde": {
      "version": "2.3.0",
      "license": "Apache-2.0",
      "dependencies": {
        "@smithy/types": "^2.12.0",
        "tslib": "^2.6.2"
      },
      "engines": {
        "node": ">=14.0.0"
      }
    },
    "node_modules/@smithy/middleware-stack": {
      "version": "2.2.0",
      "license": "Apache-2.0",
      "dependencies": {
        "@smithy/types": "^2.12.0",
        "tslib": "^2.6.2"
      },
      "engines": {
        "node": ">=14.0.0"
      }
    },
    "node_modules/@smithy/node-config-provider": {
      "version": "2.3.0",
      "license": "Apache-2.0",
      "dependencies": {
        "@smithy/property-provider": "^2.2.0",
        "@smithy/shared-ini-file-loader": "^2.4.0",
        "@smithy/types": "^2.12.0",
        "tslib": "^2.6.2"
      },
      "engines": {
        "node": ">=14.0.0"
      }
    },
    "node_modules/@smithy/node-http-handler": {
      "version": "2.5.0",
      "license": "Apache-2.0",
      "dependencies": {
        "@smithy/abort-controller": "^2.2.0",
        "@smithy/protocol-http": "^3.3.0",
        "@smithy/querystring-builder": "^2.2.0",
        "@smithy/types": "^2.12.0",
        "tslib": "^2.6.2"
      },
      "engines": {
        "node": ">=14.0.0"
      }
    },
    "node_modules/@smithy/property-provider": {
      "version": "2.2.0",
      "license": "Apache-2.0",
      "dependencies": {
        "@smithy/types": "^2.12.0",
        "tslib": "^2.6.2"
      },
      "engines": {
        "node": ">=14.0.0"
      }
    },
    "node_modules/@smithy/protocol-http": {
      "version": "3.3.0",
      "license": "Apache-2.0",
      "dependencies": {
        "@smithy/types": "^2.12.0",
        "tslib": "^2.6.2"
      },
      "engines": {
        "node": ">=14.0.0"
      }
    },
    "node_modules/@smithy/querystring-builder": {
      "version": "2.2.0",
      "license": "Apache-2.0",
      "dependencies": {
        "@smithy/types": "^2.12.0",
        "@smithy/util-uri-escape": "^2.2.0",
        "tslib": "^2.6.2"
      },
      "engines": {
        "node": ">=14.0.0"
      }
    },
    "node_modules/@smithy/querystring-parser": {
      "version": "2.2.0",
      "license": "Apache-2.0",
      "dependencies": {
        "@smithy/types": "^2.12.0",
        "tslib": "^2.6.2"
      },
      "engines": {
        "node": ">=14.0.0"
      }
    },
    "node_modules/@smithy/service-error-classification": {
      "version": "2.1.5",
      "license": "Apache-2.0",
      "dependencies": {
        "@smithy/types": "^2.12.0"
      },
      "engines": {
        "node": ">=14.0.0"
      }
    },
    "node_modules/@smithy/shared-ini-file-loader": {
      "version": "2.4.0",
      "license": "Apache-2.0",
      "dependencies": {
        "@smithy/types": "^2.12.0",
        "tslib": "^2.6.2"
      },
      "engines": {
        "node": ">=14.0.0"
      }
    },
    "node_modules/@smithy/signature-v4": {
      "version": "2.3.0",
      "license": "Apache-2.0",
      "dependencies": {
        "@smithy/is-array-buffer": "^2.2.0",
        "@smithy/types": "^2.12.0",
        "@smithy/util-hex-encoding": "^2.2.0",
        "@smithy/util-middleware": "^2.2.0",
        "@smithy/util-uri-escape": "^2.2.0",
        "@smithy/util-utf8": "^2.3.0",
        "tslib": "^2.6.2"
      },
      "engines": {
        "node": ">=14.0.0"
      }
    },
    "node_modules/@smithy/smithy-client": {
      "version": "2.5.1",
      "license": "Apache-2.0",
      "dependencies": {
        "@smithy/middleware-endpoint": "^2.5.1",
        "@smithy/middleware-stack": "^2.2.0",
        "@smithy/protocol-http": "^3.3.0",
        "@smithy/types": "^2.12.0",
        "@smithy/util-stream": "^2.2.0",
        "tslib": "^2.6.2"
      },
      "engines": {
        "node": ">=14.0.0"
      }
    },
    "node_modules/@smithy/types": {
      "version": "2.12.0",
      "license": "Apache-2.0",
      "dependencies": {
        "tslib": "^2.6.2"
      },
      "engines": {
        "node": ">=14.0.0"
      }
    },
    "node_modules/@smithy/url-parser": {
      "version": "2.2.0",
      "license": "Apache-2.0",
      "dependencies": {
        "@smithy/querystring-parser": "^2.2.0",
        "@smithy/types": "^2.12.0",
        "tslib": "^2.6.2"
      }
    },
    "node_modules/@smithy/util-base64": {
      "version": "2.3.0",
      "license": "Apache-2.0",
      "dependencies": {
        "@smithy/util-buffer-from": "^2.2.0",
        "@smithy/util-utf8": "^2.3.0",
        "tslib": "^2.6.2"
      },
      "engines": {
        "node": ">=14.0.0"
      }
    },
    "node_modules/@smithy/util-body-length-browser": {
      "version": "2.2.0",
      "license": "Apache-2.0",
      "dependencies": {
        "tslib": "^2.6.2"
      }
    },
    "node_modules/@smithy/util-body-length-node": {
      "version": "2.3.0",
      "license": "Apache-2.0",
      "dependencies": {
        "tslib": "^2.6.2"
      },
      "engines": {
        "node": ">=14.0.0"
      }
    },
    "node_modules/@smithy/util-buffer-from": {
      "version": "2.2.0",
      "license": "Apache-2.0",
      "dependencies": {
        "@smithy/is-array-buffer": "^2.2.0",
        "tslib": "^2.6.2"
      },
      "engines": {
        "node": ">=14.0.0"
      }
    },
    "node_modules/@smithy/util-config-provider": {
      "version": "2.3.0",
      "license": "Apache-2.0",
      "dependencies": {
        "tslib": "^2.6.2"
      },
      "engines": {
        "node": ">=14.0.0"
      }
    },
    "node_modules/@smithy/util-defaults-mode-browser": {
      "version": "2.2.1",
      "license": "Apache-2.0",
      "dependencies": {
        "@smithy/property-provider": "^2.2.0",
        "@smithy/smithy-client": "^2.5.1",
        "@smithy/types": "^2.12.0",
        "bowser": "^2.11.0",
        "tslib": "^2.6.2"
      },
      "engines": {
        "node": ">= 10.0.0"
      }
    },
    "node_modules/@smithy/util-defaults-mode-node": {
      "version": "2.3.1",
      "license": "Apache-2.0",
      "dependencies": {
        "@smithy/config-resolver": "^2.2.0",
        "@smithy/credential-provider-imds": "^2.3.0",
        "@smithy/node-config-provider": "^2.3.0",
        "@smithy/property-provider": "^2.2.0",
        "@smithy/smithy-client": "^2.5.1",
        "@smithy/types": "^2.12.0",
        "tslib": "^2.6.2"
      },
      "engines": {
        "node": ">= 10.0.0"
      }
    },
    "node_modules/@smithy/util-endpoints": {
      "version": "1.2.0",
      "license": "Apache-2.0",
      "dependencies": {
        "@smithy/node-config-provider": "^2.3.0",
        "@smithy/types": "^2.12.0",
        "tslib": "^2.6.2"
      },
      "engines": {
        "node": ">= 14.0.0"
      }
    },
    "node_modules/@smithy/util-hex-encoding": {
      "version": "2.2.0",
      "license": "Apache-2.0",
      "dependencies": {
        "tslib": "^2.6.2"
      },
      "engines": {
        "node": ">=14.0.0"
      }
    },
    "node_modules/@smithy/util-middleware": {
      "version": "2.2.0",
      "license": "Apache-2.0",
      "dependencies": {
        "@smithy/types": "^2.12.0",
        "tslib": "^2.6.2"
      },
      "engines": {
        "node": ">=14.0.0"
      }
    },
    "node_modules/@smithy/util-retry": {
      "version": "2.2.0",
      "license": "Apache-2.0",
      "dependencies": {
        "@smithy/service-error-classification": "^2.1.5",
        "@smithy/types": "^2.12.0",
        "tslib": "^2.6.2"
      },
      "engines": {
        "node": ">= 14.0.0"
      }
    },
    "node_modules/@smithy/util-stream": {
      "version": "2.2.0",
      "license": "Apache-2.0",
      "dependencies": {
        "@smithy/fetch-http-handler": "^2.5.0",
        "@smithy/node-http-handler": "^2.5.0",
        "@smithy/types": "^2.12.0",
        "@smithy/util-base64": "^2.3.0",
        "@smithy/util-buffer-from": "^2.2.0",
        "@smithy/util-hex-encoding": "^2.2.0",
        "@smithy/util-utf8": "^2.3.0",
        "tslib": "^2.6.2"
      },
      "engines": {
        "node": ">=14.0.0"
      }
    },
    "node_modules/@smithy/util-uri-escape": {
      "version": "2.2.0",
      "license": "Apache-2.0",
      "dependencies": {
        "tslib": "^2.6.2"
      },
      "engines": {
        "node": ">=14.0.0"
      }
    },
    "node_modules/@smithy/util-utf8": {
      "version": "2.3.0",
      "license": "Apache-2.0",
      "dependencies": {
        "@smithy/util-buffer-from": "^2.2.0",
        "tslib": "^2.6.2"
      },
      "engines": {
        "node": ">=14.0.0"
      }
    },
    "node_modules/@smithy/util-waiter": {
      "version": "2.2.0",
      "license": "Apache-2.0",
      "dependencies": {
        "@smithy/abort-controller": "^2.2.0",
        "@smithy/types": "^2.12.0",
        "tslib": "^2.6.2"
      },
      "engines": {
        "node": ">=14.0.0"
      }
    },
    "node_modules/asn1": {
      "version": "0.2.6",
      "resolved": "https://registry.npmjs.org/asn1/-/asn1-0.2.6.tgz",
      "integrity": "sha512-ix/FxPn0MDjeyJ7i/yoHGFt/EX6LyNbxSEhPPXODPL+KB0VPk86UYfL0lMdy+KCnv+fmvIzySwaK5COwqVbWTQ==",
      "dependencies": {
        "safer-buffer": "~2.1.0"
      }
    },
    "node_modules/bcrypt-pbkdf": {
      "version": "1.0.2",
      "resolved": "https://registry.npmjs.org/bcrypt-pbkdf/-/bcrypt-pbkdf-1.0.2.tgz",
      "integrity": "sha512-qeFIXtP4MSoi6NLqO12WfqARWWuCKi2Rn/9hJLEmtB5yTNr9DqFWkJRCf2qShWzPeAMRnOgCrq0sg/KLv5ES9w==",
      "dependencies": {
        "tweetnacl": "^0.14.3"
      }
    },
    "node_modules/bowser": {
      "version": "2.11.0",
      "license": "MIT"
    },
    "node_modules/buildcheck": {
      "version": "0.0.6",
      "resolved": "https://registry.npmjs.org/buildcheck/-/buildcheck-0.0.6.tgz",
      "integrity": "sha512-8f9ZJCUXyT1M35Jx7MkBgmBMo3oHTTBIPLiY9xyL0pl3T5RwcPEY8cUHr5LBNfu/fk6c2T4DJZuVM/8ZZT2D2A==",
      "optional": true,
      "engines": {
        "node": ">=10.0.0"
      }
    },
    "node_modules/cpu-features": {
      "version": "0.0.9",
      "resolved": "https://registry.npmjs.org/cpu-features/-/cpu-features-0.0.9.tgz",
      "integrity": "sha512-AKjgn2rP2yJyfbepsmLfiYcmtNn/2eUvocUyM/09yB0YDiz39HteK/5/T4Onf0pmdYDMgkBoGvRLvEguzyL7wQ==",
      "hasInstallScript": true,
      "optional": true,
      "dependencies": {
        "buildcheck": "~0.0.6",
        "nan": "^2.17.0"
      },
      "engines": {
        "node": ">=10.0.0"
      }
    },
    "node_modules/fast-xml-parser": {
      "version": "4.2.5",
      "funding": [
        {
          "type": "paypal",
          "url": "https://paypal.me/naturalintelligence"
        },
        {
          "type": "github",
          "url": "https://github.com/sponsors/NaturalIntelligence"
        }
      ],
      "license": "MIT",
      "dependencies": {
        "strnum": "^1.0.5"
      },
      "bin": {
        "fxparser": "src/cli/cli.js"
      }
    },
    "node_modules/mnemonist": {
      "version": "0.38.3",
      "license": "MIT",
      "dependencies": {
        "obliterator": "^1.6.1"
      }
    },
    "node_modules/nan": {
      "version": "2.19.0",
      "resolved": "https://registry.npmjs.org/nan/-/nan-2.19.0.tgz",
      "integrity": "sha512-nO1xXxfh/RWNxfd/XPfbIfFk5vgLsAxUR9y5O0cHMJu/AW9U95JLXqthYHjEp+8gQ5p96K9jUp8nbVOxCdRbtw==",
      "optional": true
    },
    "node_modules/nanoid": {
      "version": "5.0.7",
      "funding": [
        {
          "type": "github",
          "url": "https://github.com/sponsors/ai"
        }
      ],
      "license": "MIT",
      "bin": {
        "nanoid": "bin/nanoid.js"
      },
      "engines": {
        "node": "^18 || >=20"
      }
    },
    "node_modules/obliterator": {
      "version": "1.6.1",
      "license": "MIT"
    },
    "node_modules/safer-buffer": {
      "version": "2.1.2",
      "resolved": "https://registry.npmjs.org/safer-buffer/-/safer-buffer-2.1.2.tgz",
      "integrity": "sha512-YZo3K82SD7Riyi0E1EQPojLz7kpepnSQI9IyPbHHg1XXXevb5dJI7tpyN2ADxGcQbHG7vcyRHk0cbwqcQriUtg=="
    },
    "node_modules/simple-ssh": {
      "version": "1.1.1",
      "resolved": "https://registry.npmjs.org/simple-ssh/-/simple-ssh-1.1.1.tgz",
      "integrity": "sha512-X6DwRhBMr2102PjZDQHMxijnRGW49YR11WvhwWURuRu7UpiNZgnWQC9COmH0Lo/pgpTgYn/BORLqfxbCQuG0bQ==",
      "dependencies": {
        "ssh2": "^1.5.0",
        "xtend": "^4.0.1"
      }
    },
    "node_modules/ssh2": {
      "version": "1.15.0",
      "resolved": "https://registry.npmjs.org/ssh2/-/ssh2-1.15.0.tgz",
      "integrity": "sha512-C0PHgX4h6lBxYx7hcXwu3QWdh4tg6tZZsTfXcdvc5caW/EMxaB4H9dWsl7qk+F7LAW762hp8VbXOX7x4xUYvEw==",
      "hasInstallScript": true,
      "dependencies": {
        "asn1": "^0.2.6",
        "bcrypt-pbkdf": "^1.0.2"
      },
      "engines": {
        "node": ">=10.16.0"
      },
      "optionalDependencies": {
        "cpu-features": "~0.0.9",
        "nan": "^2.18.0"
      }
    },
    "node_modules/strnum": {
      "version": "1.0.5",
      "license": "MIT"
    },
    "node_modules/tslib": {
      "version": "2.6.2",
      "license": "0BSD"
    },
    "node_modules/tweetnacl": {
      "version": "0.14.5",
      "resolved": "https://registry.npmjs.org/tweetnacl/-/tweetnacl-0.14.5.tgz",
      "integrity": "sha512-KXXFFdAbFXY4geFIwoyNK+f5Z1b7swfXABfL7HXCmoIWMKU3dmS26672A4EeQtDzLKy7SXmfBu51JolvEKwtGA=="
    },
    "node_modules/uuid": {
      "version": "9.0.1",
      "funding": [
        "https://github.com/sponsors/broofa",
        "https://github.com/sponsors/ctavan"
      ],
      "license": "MIT",
      "bin": {
        "uuid": "dist/bin/uuid"
      }
    },
    "node_modules/xtend": {
      "version": "4.0.2",
      "resolved": "https://registry.npmjs.org/xtend/-/xtend-4.0.2.tgz",
      "integrity": "sha512-LKYU1iAXJXUgAXn9URjiu+MWhyUXHsvfp7mcuYm9dSUKK0/CjtrUwFAxD82/mCWbtLsGjFIad0wIsod4zrTAEQ==",
      "engines": {
        "node": ">=0.4"
      }
    }
  }
}
